
Microsoft Visual Studio Solution File, Format Version 12.00
# Visual Studio Version 16
VisualStudioVersion = 16.0.30517.126
MinimumVisualStudioVersion = 10.0.40219.1
Project("{FAE04EC0-301F-11D3-BF4B-00C04F79EFBC}") = "Atividade-08", "Atividade-08\Atividade-08.csproj", "{7B350D38-6396-4235-83D9-BC1325BFC271}"
EndProject
Global
	GlobalSection(SolutionConfigurationPlatforms) = preSolution
		Debug|Any CPU = Debug|Any CPU
		Release|Any CPU = Release|Any CPU
	EndGlobalSection
	GlobalSection(ProjectConfigurationPlatforms) = postSolution
		{7B350D38-6396-4235-83D9-BC1325BFC271}.Debug|Any CPU.ActiveCfg = Debug|Any CPU
		{7B350D38-6396-4235-83D9-BC1325BFC271}.Debug|Any CPU.Build.0 = Debug|Any CPU
		{7B350D38-6396-4235-83D9-BC1325BFC271}.Release|Any CPU.ActiveCfg = Release|Any CPU
		{7B350D38-6396-4235-83D9-BC1325BFC271}.Release|Any CPU.Build.0 = Release|Any CPU
	EndGlobalSection
	GlobalSection(SolutionProperties) = preSolution
		HideSolutionNode = FALSE
	EndGlobalSection
	GlobalSection(ExtensibilityGlobals) = postSolution
		SolutionGuid = {5F0F4D1F-9127-41DA-BD02-BA1F0EC997BF}
	EndGlobalSection
EndGlobal
