
Microsoft Visual Studio Solution File, Format Version 12.00
# Visual Studio Version 16
VisualStudioVersion = 16.0.30517.126
MinimumVisualStudioVersion = 10.0.40219.1
Project("{FAE04EC0-301F-11D3-BF4B-00C04F79EFBC}") = "Atividade-05", "Atividade-05\Atividade-05.csproj", "{57372A1B-9C93-473D-9507-8E4709A685C5}"
EndProject
Global
	GlobalSection(SolutionConfigurationPlatforms) = preSolution
		Debug|Any CPU = Debug|Any CPU
		Release|Any CPU = Release|Any CPU
	EndGlobalSection
	GlobalSection(ProjectConfigurationPlatforms) = postSolution
		{57372A1B-9C93-473D-9507-8E4709A685C5}.Debug|Any CPU.ActiveCfg = Debug|Any CPU
		{57372A1B-9C93-473D-9507-8E4709A685C5}.Debug|Any CPU.Build.0 = Debug|Any CPU
		{57372A1B-9C93-473D-9507-8E4709A685C5}.Release|Any CPU.ActiveCfg = Release|Any CPU
		{57372A1B-9C93-473D-9507-8E4709A685C5}.Release|Any CPU.Build.0 = Release|Any CPU
	EndGlobalSection
	GlobalSection(SolutionProperties) = preSolution
		HideSolutionNode = FALSE
	EndGlobalSection
	GlobalSection(ExtensibilityGlobals) = postSolution
		SolutionGuid = {D5CC5210-A076-4581-A299-F740FD04A673}
	EndGlobalSection
EndGlobal
