
Microsoft Visual Studio Solution File, Format Version 12.00
# Visual Studio Version 16
VisualStudioVersion = 16.0.30517.126
MinimumVisualStudioVersion = 10.0.40219.1
Project("{FAE04EC0-301F-11D3-BF4B-00C04F79EFBC}") = "Atividade-02", "Atividade-02\Atividade-02.csproj", "{D38A0D98-C116-467A-BE60-4E1E770E87C1}"
EndProject
Global
	GlobalSection(SolutionConfigurationPlatforms) = preSolution
		Debug|Any CPU = Debug|Any CPU
		Release|Any CPU = Release|Any CPU
	EndGlobalSection
	GlobalSection(ProjectConfigurationPlatforms) = postSolution
		{D38A0D98-C116-467A-BE60-4E1E770E87C1}.Debug|Any CPU.ActiveCfg = Debug|Any CPU
		{D38A0D98-C116-467A-BE60-4E1E770E87C1}.Debug|Any CPU.Build.0 = Debug|Any CPU
		{D38A0D98-C116-467A-BE60-4E1E770E87C1}.Release|Any CPU.ActiveCfg = Release|Any CPU
		{D38A0D98-C116-467A-BE60-4E1E770E87C1}.Release|Any CPU.Build.0 = Release|Any CPU
	EndGlobalSection
	GlobalSection(SolutionProperties) = preSolution
		HideSolutionNode = FALSE
	EndGlobalSection
	GlobalSection(ExtensibilityGlobals) = postSolution
		SolutionGuid = {DA157600-EA09-45D9-AA45-DEC133572183}
	EndGlobalSection
EndGlobal
